{
    "version": 3,
    "terraform_version": "0.11.5",
    "serial": 2,
    "lineage": "ba7c4fb8-aeaf-94cb-703e-6eae4102d65d",
    "modules": [
        {
            "path": [
                "root"
            ],
            "outputs": {},
            "resources": {
                "aws_iam_policy.policy-lambda1": {
                    "type": "aws_iam_policy",
                    "depends_on": [],
                    "primary": {
                        "id": "arn:aws:iam::857767490077:policy/lambda1-policy",
                        "attributes": {
                            "arn": "arn:aws:iam::857767490077:policy/lambda1-policy",
                            "description": "Iam policy for lambda1",
                            "id": "arn:aws:iam::857767490077:policy/lambda1-policy",
                            "name": "lambda1-policy",
                            "path": "/",
                            "policy": "{\n  \"Version\": \"2012-10-17\",\n  \"Statement\": [\n    {\n      \"Effect\": \"Allow\",\n      \"Action\": [\n        \"logs:CreateLogGroup\",\n        \"logs:CreateLogStream\",\n        \"logs:PutLogEvents\"\n        ],\n        \"Resource\": \"arn:aws:logs:*:*:*\"\n    }\n  ]\n}\n"
                        },
                        "meta": {},
                        "tainted": false
                    },
                    "deposed": [],
                    "provider": "provider.aws"
                },
                "aws_iam_role.iam_lambda1": {
                    "type": "aws_iam_role",
                    "depends_on": [],
                    "primary": {
                        "id": "iam_lambda1",
                        "attributes": {
                            "arn": "arn:aws:iam::857767490077:role/iam_lambda1",
                            "assume_role_policy": "{\"Version\":\"2012-10-17\",\"Statement\":[{\"Sid\":\"\",\"Effect\":\"Allow\",\"Principal\":{\"Service\":\"lambda.amazonaws.com\"},\"Action\":\"sts:AssumeRole\"}]}",
                            "create_date": "2018-04-13T21:54:29Z",
                            "force_detach_policies": "false",
                            "id": "iam_lambda1",
                            "max_session_duration": "3600",
                            "name": "iam_lambda1",
                            "path": "/",
                            "unique_id": "AROAJZ3GOH3E3UNVZM7PK"
                        },
                        "meta": {},
                        "tainted": false
                    },
                    "deposed": [],
                    "provider": "provider.aws"
                },
                "aws_iam_role_policy_attachment.attach-lambda1": {
                    "type": "aws_iam_role_policy_attachment",
                    "depends_on": [
                        "aws_iam_policy.policy-lambda1",
                        "aws_iam_role.iam_lambda1"
                    ],
                    "primary": {
                        "id": "iam_lambda1-20180413215429251500000001",
                        "attributes": {
                            "id": "iam_lambda1-20180413215429251500000001",
                            "policy_arn": "arn:aws:iam::857767490077:policy/lambda1-policy",
                            "role": "iam_lambda1"
                        },
                        "meta": {},
                        "tainted": false
                    },
                    "deposed": [],
                    "provider": "provider.aws"
                },
                "aws_lambda_function.lambda1": {
                    "type": "aws_lambda_function",
                    "depends_on": [
                        "aws_iam_role.iam_lambda1"
                    ],
                    "primary": {
                        "id": "lambda1",
                        "attributes": {
                            "arn": "arn:aws:lambda:us-east-1:857767490077:function:lambda1",
                            "dead_letter_config.#": "0",
                            "description": "",
                            "environment.#": "1",
                            "environment.0.variables.%": "4",
                            "environment.0.variables.CHALLENGE_SECRET": "j",
                            "environment.0.variables.DYNAMO_SONGS_IN_FLIGHT_TABLE_NAME": "songs_in_flight-tf",
                            "environment.0.variables.DYNAMO_USERS_TABLE_NAME": "users-tf",
                            "environment.0.variables.PAGE_ACCESS_TOKEN": "j",
                            "filename": "../../code/lambda1.zip",
                            "function_name": "lambda1",
                            "handler": "lambda1.handler",
                            "id": "lambda1",
                            "invoke_arn": "arn:aws:apigateway:us-east-1:lambda:path/2015-03-31/functions/arn:aws:lambda:us-east-1:857767490077:function:lambda1/invocations",
                            "kms_key_arn": "",
                            "last_modified": "2018-04-13T21:54:37.918+0000",
                            "memory_size": "128",
                            "publish": "false",
                            "qualified_arn": "arn:aws:lambda:us-east-1:857767490077:function:lambda1:$LATEST",
                            "reserved_concurrent_executions": "0",
                            "role": "arn:aws:iam::857767490077:role/iam_lambda1",
                            "runtime": "nodejs6.10",
                            "source_code_hash": "Bb9QeTzEqQi1ItSIrqeH9U+Ym4ZrIUsgo2v7KP3IKHQ=",
                            "tags.%": "0",
                            "timeout": "3",
                            "tracing_config.#": "1",
                            "tracing_config.0.mode": "PassThrough",
                            "version": "$LATEST",
                            "vpc_config.#": "0"
                        },
                        "meta": {},
                        "tainted": false
                    },
                    "deposed": [],
                    "provider": "provider.aws"
                }
            },
            "depends_on": []
        }
    ]
}
