{
    "version": 3,
    "terraform_version": "0.11.5",
    "serial": 2,
    "lineage": "2fd9ec6c-dd94-0cd6-48fd-66576defc6fc",
    "modules": [
        {
            "path": [
                "root"
            ],
            "outputs": {},
            "resources": {
                "aws_dynamodb_table.songs_in_flight-table": {
                    "type": "aws_dynamodb_table",
                    "depends_on": [],
                    "primary": {
                        "id": "songs_in_flight-tf",
                        "attributes": {
                            "arn": "arn:aws:dynamodb:us-east-1:857767490077:table/songs_in_flight-tf",
                            "attribute.#": "1",
                            "attribute.892126701.name": "user-time",
                            "attribute.892126701.type": "S",
                            "global_secondary_index.#": "0",
                            "hash_key": "user-time",
                            "id": "songs_in_flight-tf",
                            "local_secondary_index.#": "0",
                            "name": "songs_in_flight-tf",
                            "read_capacity": "3",
                            "server_side_encryption.#": "0",
                            "stream_arn": "arn:aws:dynamodb:us-east-1:857767490077:table/songs_in_flight-tf/stream/2018-04-12T03:43:09.551",
                            "stream_enabled": "true",
                            "stream_label": "2018-04-12T03:43:09.551",
                            "stream_view_type": "OLD_IMAGE",
                            "tags.%": "2",
                            "tags.Environment": "production",
                            "tags.Name": "dynamodb-table-songs_in_flight",
                            "ttl.#": "1",
                            "ttl.1144599674.attribute_name": "TimeToLive",
                            "ttl.1144599674.enabled": "true",
                            "write_capacity": "3"
                        },
                        "meta": {
                            "e2bfb730-ecaa-11e6-8f88-34363bc7c4c0": {
                                "create": 600000000000,
                                "delete": 600000000000,
                                "update": 600000000000
                            },
                            "schema_version": "1"
                        },
                        "tainted": false
                    },
                    "deposed": [],
                    "provider": "provider.aws"
                },
                "aws_dynamodb_table.users-table": {
                    "type": "aws_dynamodb_table",
                    "depends_on": [],
                    "primary": {
                        "id": "users-tf",
                        "attributes": {
                            "arn": "arn:aws:dynamodb:us-east-1:857767490077:table/users-tf",
                            "attribute.#": "2",
                            "attribute.1160911577.name": "psid",
                            "attribute.1160911577.type": "S",
                            "attribute.185561394.name": "full_name",
                            "attribute.185561394.type": "S",
                            "global_secondary_index.#": "1",
                            "global_secondary_index.1132227303.hash_key": "full_name",
                            "global_secondary_index.1132227303.name": "full_name-index",
                            "global_secondary_index.1132227303.non_key_attributes.#": "1",
                            "global_secondary_index.1132227303.non_key_attributes.0": "full_name",
                            "global_secondary_index.1132227303.projection_type": "INCLUDE",
                            "global_secondary_index.1132227303.range_key": "",
                            "global_secondary_index.1132227303.read_capacity": "1",
                            "global_secondary_index.1132227303.write_capacity": "1",
                            "hash_key": "psid",
                            "id": "users-tf",
                            "local_secondary_index.#": "0",
                            "name": "users-tf",
                            "read_capacity": "1",
                            "server_side_encryption.#": "0",
                            "stream_arn": "",
                            "stream_enabled": "false",
                            "stream_label": "",
                            "stream_view_type": "",
                            "tags.%": "2",
                            "tags.Environment": "production",
                            "tags.Name": "dynamodb-users-table",
                            "ttl.#": "0",
                            "write_capacity": "1"
                        },
                        "meta": {
                            "e2bfb730-ecaa-11e6-8f88-34363bc7c4c0": {
                                "create": 600000000000,
                                "delete": 600000000000,
                                "update": 600000000000
                            },
                            "schema_version": "1"
                        },
                        "tainted": false
                    },
                    "deposed": [],
                    "provider": "provider.aws"
                }
            },
            "depends_on": []
        }
    ]
}
