{
    "version": 3,
    "terraform_version": "0.11.5",
    "serial": 2,
    "lineage": "2097de7d-f539-5cef-3ff9-6d08d045bda0",
    "modules": [
        {
            "path": [
                "root"
            ],
            "outputs": {
                "dev_url": {
                    "sensitive": false,
                    "type": "string",
                    "value": "https://aptrw2absf.execute-api.us-east-1.amazonaws.com/dev"
                },
                "prod_url": {
                    "sensitive": false,
                    "type": "string",
                    "value": "https://aptrw2absf.execute-api.us-east-1.amazonaws.com/api"
                }
            },
            "resources": {
                "aws_api_gateway_deployment.api_deployment_dev": {
                    "type": "aws_api_gateway_deployment",
                    "depends_on": [
                        "aws_api_gateway_integration.message-received_api_method-integration",
                        "aws_api_gateway_method.message-received_all_methods",
                        "aws_api_gateway_rest_api.fb_messenger_api"
                    ],
                    "primary": {
                        "id": "xbb7vu",
                        "attributes": {
                            "created_date": "2018-04-13T03:56:30Z",
                            "description": "",
                            "execution_arn": "arn:aws:execute-api:us-east-1:857767490077:aptrw2absf/dev",
                            "id": "xbb7vu",
                            "invoke_url": "https://aptrw2absf.execute-api.us-east-1.amazonaws.com/dev",
                            "rest_api_id": "aptrw2absf",
                            "stage_name": "dev"
                        },
                        "meta": {},
                        "tainted": false
                    },
                    "deposed": [],
                    "provider": "provider.aws"
                },
                "aws_api_gateway_deployment.api_deployment_prod": {
                    "type": "aws_api_gateway_deployment",
                    "depends_on": [
                        "aws_api_gateway_integration.message-received_api_method-integration",
                        "aws_api_gateway_method.message-received_all_methods",
                        "aws_api_gateway_rest_api.fb_messenger_api"
                    ],
                    "primary": {
                        "id": "nxl46t",
                        "attributes": {
                            "created_date": "2018-04-13T03:56:29Z",
                            "description": "",
                            "execution_arn": "arn:aws:execute-api:us-east-1:857767490077:aptrw2absf/api",
                            "id": "nxl46t",
                            "invoke_url": "https://aptrw2absf.execute-api.us-east-1.amazonaws.com/api",
                            "rest_api_id": "aptrw2absf",
                            "stage_name": "api"
                        },
                        "meta": {},
                        "tainted": false
                    },
                    "deposed": [],
                    "provider": "provider.aws"
                },
                "aws_api_gateway_integration.message-received_api_method-integration": {
                    "type": "aws_api_gateway_integration",
                    "depends_on": [
                        "aws_api_gateway_method.message-received_all_methods",
                        "aws_api_gateway_resource.message_received",
                        "aws_api_gateway_rest_api.fb_messenger_api",
                        "aws_lambda_function.lambda1"
                    ],
                    "primary": {
                        "id": "agi-aptrw2absf-z1hcaf-ANY",
                        "attributes": {
                            "cache_key_parameters.#": "0",
                            "cache_namespace": "z1hcaf",
                            "http_method": "ANY",
                            "id": "agi-aptrw2absf-z1hcaf-ANY",
                            "integration_http_method": "POST",
                            "passthrough_behavior": "WHEN_NO_MATCH",
                            "request_parameters.%": "0",
                            "request_templates.%": "0",
                            "resource_id": "z1hcaf",
                            "rest_api_id": "aptrw2absf",
                            "type": "AWS_PROXY",
                            "uri": "arn:aws:apigateway:us-east-1:lambda:path/2015-03-31/functions/arn:aws:lambda:us-east-1:857767490077:function:lambda1/invocations"
                        },
                        "meta": {},
                        "tainted": false
                    },
                    "deposed": [],
                    "provider": "provider.aws"
                },
                "aws_api_gateway_method.message-received_all_methods": {
                    "type": "aws_api_gateway_method",
                    "depends_on": [
                        "aws_api_gateway_resource.message_received",
                        "aws_api_gateway_rest_api.fb_messenger_api"
                    ],
                    "primary": {
                        "id": "agm-aptrw2absf-z1hcaf-ANY",
                        "attributes": {
                            "api_key_required": "false",
                            "authorization": "NONE",
                            "http_method": "ANY",
                            "id": "agm-aptrw2absf-z1hcaf-ANY",
                            "resource_id": "z1hcaf",
                            "rest_api_id": "aptrw2absf"
                        },
                        "meta": {},
                        "tainted": false
                    },
                    "deposed": [],
                    "provider": "provider.aws"
                },
                "aws_api_gateway_resource.message_received": {
                    "type": "aws_api_gateway_resource",
                    "depends_on": [
                        "aws_api_gateway_rest_api.fb_messenger_api"
                    ],
                    "primary": {
                        "id": "z1hcaf",
                        "attributes": {
                            "id": "z1hcaf",
                            "parent_id": "wm7jptimtg",
                            "path": "/message-received",
                            "path_part": "message-received",
                            "rest_api_id": "aptrw2absf"
                        },
                        "meta": {},
                        "tainted": false
                    },
                    "deposed": [],
                    "provider": "provider.aws"
                },
                "aws_api_gateway_rest_api.fb_messenger_api": {
                    "type": "aws_api_gateway_rest_api",
                    "depends_on": [],
                    "primary": {
                        "id": "aptrw2absf",
                        "attributes": {
                            "binary_media_types.#": "0",
                            "created_date": "2018-04-13T03:56:19Z",
                            "description": "This is my API for receiving FB Messenger webhook events",
                            "id": "aptrw2absf",
                            "minimum_compression_size": "-1",
                            "name": "FbMessangerAPI",
                            "root_resource_id": "wm7jptimtg"
                        },
                        "meta": {},
                        "tainted": false
                    },
                    "deposed": [],
                    "provider": "provider.aws"
                },
                "aws_dynamodb_table.songs_in_flight-table": {
                    "type": "aws_dynamodb_table",
                    "depends_on": [],
                    "primary": {
                        "id": "songs_in_flight-tf",
                        "attributes": {
                            "arn": "arn:aws:dynamodb:us-east-1:857767490077:table/songs_in_flight-tf",
                            "attribute.#": "1",
                            "attribute.892126701.name": "user-time",
                            "attribute.892126701.type": "S",
                            "global_secondary_index.#": "0",
                            "hash_key": "user-time",
                            "id": "songs_in_flight-tf",
                            "local_secondary_index.#": "0",
                            "name": "songs_in_flight-tf",
                            "read_capacity": "3",
                            "server_side_encryption.#": "0",
                            "stream_arn": "arn:aws:dynamodb:us-east-1:857767490077:table/songs_in_flight-tf/stream/2018-04-13T03:56:19.667",
                            "stream_enabled": "true",
                            "stream_label": "2018-04-13T03:56:19.667",
                            "stream_view_type": "OLD_IMAGE",
                            "tags.%": "2",
                            "tags.Environment": "production",
                            "tags.Name": "dynamodb-table-songs_in_flight",
                            "ttl.#": "1",
                            "ttl.1144599674.attribute_name": "TimeToLive",
                            "ttl.1144599674.enabled": "true",
                            "write_capacity": "3"
                        },
                        "meta": {
                            "e2bfb730-ecaa-11e6-8f88-34363bc7c4c0": {
                                "create": 600000000000,
                                "delete": 600000000000,
                                "update": 600000000000
                            },
                            "schema_version": "1"
                        },
                        "tainted": false
                    },
                    "deposed": [],
                    "provider": "provider.aws"
                },
                "aws_dynamodb_table.users-table": {
                    "type": "aws_dynamodb_table",
                    "depends_on": [],
                    "primary": {
                        "id": "users-tf",
                        "attributes": {
                            "arn": "arn:aws:dynamodb:us-east-1:857767490077:table/users-tf",
                            "attribute.#": "2",
                            "attribute.1160911577.name": "psid",
                            "attribute.1160911577.type": "S",
                            "attribute.185561394.name": "full_name",
                            "attribute.185561394.type": "S",
                            "global_secondary_index.#": "1",
                            "global_secondary_index.1132227303.hash_key": "full_name",
                            "global_secondary_index.1132227303.name": "full_name-index",
                            "global_secondary_index.1132227303.non_key_attributes.#": "1",
                            "global_secondary_index.1132227303.non_key_attributes.0": "full_name",
                            "global_secondary_index.1132227303.projection_type": "INCLUDE",
                            "global_secondary_index.1132227303.range_key": "",
                            "global_secondary_index.1132227303.read_capacity": "1",
                            "global_secondary_index.1132227303.write_capacity": "1",
                            "hash_key": "psid",
                            "id": "users-tf",
                            "local_secondary_index.#": "0",
                            "name": "users-tf",
                            "read_capacity": "1",
                            "server_side_encryption.#": "0",
                            "stream_arn": "",
                            "stream_enabled": "false",
                            "stream_label": "",
                            "stream_view_type": "",
                            "tags.%": "2",
                            "tags.Environment": "production",
                            "tags.Name": "dynamodb-users-table",
                            "ttl.#": "0",
                            "write_capacity": "1"
                        },
                        "meta": {
                            "e2bfb730-ecaa-11e6-8f88-34363bc7c4c0": {
                                "create": 600000000000,
                                "delete": 600000000000,
                                "update": 600000000000
                            },
                            "schema_version": "1"
                        },
                        "tainted": false
                    },
                    "deposed": [],
                    "provider": "provider.aws"
                },
                "aws_iam_role.iam_lambda1": {
                    "type": "aws_iam_role",
                    "depends_on": [],
                    "primary": {
                        "id": "iam_lambda1",
                        "attributes": {
                            "arn": "arn:aws:iam::857767490077:role/iam_lambda1",
                            "assume_role_policy": "{\"Version\":\"2012-10-17\",\"Statement\":[{\"Sid\":\"\",\"Effect\":\"Allow\",\"Principal\":{\"Service\":[\"lambda.amazonaws.com\",\"apigateway.amazonaws.com\"]},\"Action\":\"sts:AssumeRole\"}]}",
                            "create_date": "2018-04-13T03:56:19Z",
                            "force_detach_policies": "false",
                            "id": "iam_lambda1",
                            "max_session_duration": "3600",
                            "name": "iam_lambda1",
                            "path": "/",
                            "unique_id": "AROAJ7PQ64XOBINPLUOSC"
                        },
                        "meta": {},
                        "tainted": false
                    },
                    "deposed": [],
                    "provider": "provider.aws"
                },
                "aws_iam_role.iam_lambda2": {
                    "type": "aws_iam_role",
                    "depends_on": [],
                    "primary": {
                        "id": "iam_lambda2",
                        "attributes": {
                            "arn": "arn:aws:iam::857767490077:role/iam_lambda2",
                            "assume_role_policy": "{\"Version\":\"2012-10-17\",\"Statement\":[{\"Sid\":\"\",\"Effect\":\"Allow\",\"Principal\":{\"Service\":\"lambda.amazonaws.com\"},\"Action\":\"sts:AssumeRole\"}]}",
                            "create_date": "2018-04-13T03:56:19Z",
                            "force_detach_policies": "false",
                            "id": "iam_lambda2",
                            "max_session_duration": "3600",
                            "name": "iam_lambda2",
                            "path": "/",
                            "unique_id": "AROAJDGPYRU5QZ65BSI2M"
                        },
                        "meta": {},
                        "tainted": false
                    },
                    "deposed": [],
                    "provider": "provider.aws"
                },
                "aws_lambda_function.lambda1": {
                    "type": "aws_lambda_function",
                    "depends_on": [
                        "aws_iam_role.iam_lambda1"
                    ],
                    "primary": {
                        "id": "lambda1",
                        "attributes": {
                            "arn": "arn:aws:lambda:us-east-1:857767490077:function:lambda1",
                            "dead_letter_config.#": "0",
                            "description": "",
                            "environment.#": "1",
                            "environment.0.variables.%": "4",
                            "environment.0.variables.CHALLENGE_SECRET": "j",
                            "environment.0.variables.DYNAMO_SONGS_IN_FLIGHT_TABLE_NAME": "songs_in_flight-tf",
                            "environment.0.variables.DYNAMO_USERS_TABLE_NAME": "users-tf",
                            "environment.0.variables.PAGE_ACCESS_TOKEN": "j",
                            "filename": "code/lambda1.zip",
                            "function_name": "lambda1",
                            "handler": "lambda1.handler",
                            "id": "lambda1",
                            "invoke_arn": "arn:aws:apigateway:us-east-1:lambda:path/2015-03-31/functions/arn:aws:lambda:us-east-1:857767490077:function:lambda1/invocations",
                            "kms_key_arn": "",
                            "last_modified": "2018-04-13T03:56:28.773+0000",
                            "memory_size": "128",
                            "publish": "false",
                            "qualified_arn": "arn:aws:lambda:us-east-1:857767490077:function:lambda1:$LATEST",
                            "reserved_concurrent_executions": "0",
                            "role": "arn:aws:iam::857767490077:role/iam_lambda1",
                            "runtime": "nodejs6.10",
                            "source_code_hash": "Bb9QeTzEqQi1ItSIrqeH9U+Ym4ZrIUsgo2v7KP3IKHQ=",
                            "tags.%": "0",
                            "timeout": "3",
                            "tracing_config.#": "1",
                            "tracing_config.0.mode": "PassThrough",
                            "version": "$LATEST",
                            "vpc_config.#": "0"
                        },
                        "meta": {},
                        "tainted": false
                    },
                    "deposed": [],
                    "provider": "provider.aws"
                },
                "aws_lambda_function.lambda2": {
                    "type": "aws_lambda_function",
                    "depends_on": [
                        "aws_iam_role.iam_lambda2"
                    ],
                    "primary": {
                        "id": "lambda2",
                        "attributes": {
                            "arn": "arn:aws:lambda:us-east-1:857767490077:function:lambda2",
                            "dead_letter_config.#": "0",
                            "description": "",
                            "environment.#": "1",
                            "environment.0.variables.%": "5",
                            "environment.0.variables.DYNAMO_SONGS_IN_FLIGHT_TABLE_NAME": "songs_in_flight-tf",
                            "environment.0.variables.DYNAMO_USERS_TABLE_NAME": "users-tf",
                            "environment.0.variables.PAGE_ACCESS_TOKEN": "j",
                            "environment.0.variables.SPOTIFY_CLIENT_ID": "j",
                            "environment.0.variables.SPOTIFY_CLIENT_SECRET": "j",
                            "filename": "code/lambda2.zip",
                            "function_name": "lambda2",
                            "handler": "lambda2.handler",
                            "id": "lambda2",
                            "invoke_arn": "arn:aws:apigateway:us-east-1:lambda:path/2015-03-31/functions/arn:aws:lambda:us-east-1:857767490077:function:lambda2/invocations",
                            "kms_key_arn": "",
                            "last_modified": "2018-04-13T03:56:31.569+0000",
                            "memory_size": "128",
                            "publish": "false",
                            "qualified_arn": "arn:aws:lambda:us-east-1:857767490077:function:lambda2:$LATEST",
                            "reserved_concurrent_executions": "0",
                            "role": "arn:aws:iam::857767490077:role/iam_lambda2",
                            "runtime": "nodejs6.10",
                            "source_code_hash": "6sLSGyFoG/zsfSkyEoateAFWIxgrXjuXSJO6ibNP5UU=",
                            "tags.%": "0",
                            "timeout": "3",
                            "tracing_config.#": "1",
                            "tracing_config.0.mode": "PassThrough",
                            "version": "$LATEST",
                            "vpc_config.#": "0"
                        },
                        "meta": {},
                        "tainted": false
                    },
                    "deposed": [],
                    "provider": "provider.aws"
                }
            },
            "depends_on": []
        }
    ]
}
